
Microsoft Visual Studio Solution File, Format Version 12.00
# Visual Studio Version 17
VisualStudioVersion = 17.14.36616.10 d17.14
MinimumVisualStudioVersion = 10.0.40219.1
Project("{FAE04EC0-301F-11D3-BF4B-00C04F79EFBC}") = "TeamManager", "TeamManager\TeamManager.csproj", "{537ABEED-1AC9-4412-A9F5-8EA8F957A7F1}"
EndProject
Global
	GlobalSection(SolutionConfigurationPlatforms) = preSolution
		Debug|Any CPU = Debug|Any CPU
		Release|Any CPU = Release|Any CPU
	EndGlobalSection
	GlobalSection(ProjectConfigurationPlatforms) = postSolution
		{537ABEED-1AC9-4412-A9F5-8EA8F957A7F1}.Debug|Any CPU.ActiveCfg = Debug|Any CPU
		{537ABEED-1AC9-4412-A9F5-8EA8F957A7F1}.Debug|Any CPU.Build.0 = Debug|Any CPU
		{537ABEED-1AC9-4412-A9F5-8EA8F957A7F1}.Release|Any CPU.ActiveCfg = Release|Any CPU
		{537ABEED-1AC9-4412-A9F5-8EA8F957A7F1}.Release|Any CPU.Build.0 = Release|Any CPU
	EndGlobalSection
	GlobalSection(SolutionProperties) = preSolution
		HideSolutionNode = FALSE
	EndGlobalSection
	GlobalSection(ExtensibilityGlobals) = postSolution
		SolutionGuid = {A38716B4-1396-4A2C-9FC1-3B57FABA224B}
	EndGlobalSection
EndGlobal
